
Microsoft Visual Studio Solution File, Format Version 12.00
# Visual Studio Version 17
VisualStudioVersion = 17.4.33403.182
MinimumVisualStudioVersion = 10.0.40219.1
Project("{FAE04EC0-301F-11D3-BF4B-00C04F79EFBC}") = "Form1", "Form1\Form1.csproj", "{75C3F44C-4701-4CB5-A645-82E622CBC56A}"
EndProject
Global
	GlobalSection(SolutionConfigurationPlatforms) = preSolution
		Debug|Any CPU = Debug|Any CPU
		Release|Any CPU = Release|Any CPU
	EndGlobalSection
	GlobalSection(ProjectConfigurationPlatforms) = postSolution
		{75C3F44C-4701-4CB5-A645-82E622CBC56A}.Debug|Any CPU.ActiveCfg = Debug|Any CPU
		{75C3F44C-4701-4CB5-A645-82E622CBC56A}.Debug|Any CPU.Build.0 = Debug|Any CPU
		{75C3F44C-4701-4CB5-A645-82E622CBC56A}.Release|Any CPU.ActiveCfg = Release|Any CPU
		{75C3F44C-4701-4CB5-A645-82E622CBC56A}.Release|Any CPU.Build.0 = Release|Any CPU
	EndGlobalSection
	GlobalSection(SolutionProperties) = preSolution
		HideSolutionNode = FALSE
	EndGlobalSection
	GlobalSection(ExtensibilityGlobals) = postSolution
		SolutionGuid = {561A5FFB-A89B-48CA-ACC7-F08101C6E96E}
	EndGlobalSection
EndGlobal
